
Microsoft Visual Studio Solution File, Format Version 12.00
# Visual Studio 15
VisualStudioVersion = 15.0.28307.1259
MinimumVisualStudioVersion = 10.0.40219.1
Project("{FAE04EC0-301F-11D3-BF4B-00C04F79EFBC}") = "LeerJSON_C_Sharp", "LeerJSON_C_Sharp\LeerJSON_C_Sharp.csproj", "{2AF20402-7580-48A7-84F5-7F60C9D2CE6A}"
EndProject
Global
	GlobalSection(SolutionConfigurationPlatforms) = preSolution
		Debug|Any CPU = Debug|Any CPU
		Release|Any CPU = Release|Any CPU
	EndGlobalSection
	GlobalSection(ProjectConfigurationPlatforms) = postSolution
		{2AF20402-7580-48A7-84F5-7F60C9D2CE6A}.Debug|Any CPU.ActiveCfg = Debug|Any CPU
		{2AF20402-7580-48A7-84F5-7F60C9D2CE6A}.Debug|Any CPU.Build.0 = Debug|Any CPU
		{2AF20402-7580-48A7-84F5-7F60C9D2CE6A}.Release|Any CPU.ActiveCfg = Release|Any CPU
		{2AF20402-7580-48A7-84F5-7F60C9D2CE6A}.Release|Any CPU.Build.0 = Release|Any CPU
	EndGlobalSection
	GlobalSection(SolutionProperties) = preSolution
		HideSolutionNode = FALSE
	EndGlobalSection
	GlobalSection(ExtensibilityGlobals) = postSolution
		SolutionGuid = {8ABED692-9B6C-4D6E-8E7F-3119FC954232}
	EndGlobalSection
EndGlobal
